
Microsoft Visual Studio Solution File, Format Version 12.00
# Visual Studio 15
VisualStudioVersion = 15.0.28307.779
MinimumVisualStudioVersion = 10.0.40219.1
Project("{FAE04EC0-301F-11D3-BF4B-00C04F79EFBC}") = "Store", "Store\Store.csproj", "{27954FC9-9428-49E4-9E09-D0656FE7CC10}"
EndProject
Project("{FAE04EC0-301F-11D3-BF4B-00C04F79EFBC}") = "Domain", "Domain\Domain.csproj", "{1D8B1F40-9F40-4C6B-9448-EF15C3F642C2}"
EndProject
Global
	GlobalSection(SolutionConfigurationPlatforms) = preSolution
		Debug|Any CPU = Debug|Any CPU
		Release|Any CPU = Release|Any CPU
	EndGlobalSection
	GlobalSection(ProjectConfigurationPlatforms) = postSolution
		{27954FC9-9428-49E4-9E09-D0656FE7CC10}.Debug|Any CPU.ActiveCfg = Debug|Any CPU
		{27954FC9-9428-49E4-9E09-D0656FE7CC10}.Debug|Any CPU.Build.0 = Debug|Any CPU
		{27954FC9-9428-49E4-9E09-D0656FE7CC10}.Release|Any CPU.ActiveCfg = Release|Any CPU
		{27954FC9-9428-49E4-9E09-D0656FE7CC10}.Release|Any CPU.Build.0 = Release|Any CPU
		{1D8B1F40-9F40-4C6B-9448-EF15C3F642C2}.Debug|Any CPU.ActiveCfg = Debug|Any CPU
		{1D8B1F40-9F40-4C6B-9448-EF15C3F642C2}.Debug|Any CPU.Build.0 = Debug|Any CPU
		{1D8B1F40-9F40-4C6B-9448-EF15C3F642C2}.Release|Any CPU.ActiveCfg = Release|Any CPU
		{1D8B1F40-9F40-4C6B-9448-EF15C3F642C2}.Release|Any CPU.Build.0 = Release|Any CPU
	EndGlobalSection
	GlobalSection(SolutionProperties) = preSolution
		HideSolutionNode = FALSE
	EndGlobalSection
	GlobalSection(ExtensibilityGlobals) = postSolution
		SolutionGuid = {2C8D5B15-AC9F-41FF-A38D-2F928467013A}
	EndGlobalSection
EndGlobal
